// !$*UTF8*$!
{
	archiveVersion = 1;
	classes = {
	};
	objectVersion = 46;
	objects = {

/* Begin PBXBuildFile section */
		D9AC0B291D2CD5B9003E6531 /* main.m in Sources */ = {isa = PBXBuildFile; fileRef = D9AC0B281D2CD5B9003E6531 /* main.m */; };
		D9AC0B2C1D2CD5B9003E6531 /* AppDelegate.m in Sources */ = {isa = PBXBuildFile; fileRef = D9AC0B2B1D2CD5B9003E6531 /* AppDelegate.m */; };
		D9AC0B2F1D2CD5B9003E6531 /* ViewController.m in Sources */ = {isa = PBXBuildFile; fileRef = D9AC0B2E1D2CD5B9003E6531 /* ViewController.m */; };
		D9AC0B321D2CD5B9003E6531 /* Main.storyboard in Resources */ = {isa = PBXBuildFile; fileRef = D9AC0B301D2CD5B9003E6531 /* Main.storyboard */; };
		D9AC0B351D2CD5B9003E6531 /* WeighingScale.xcdatamodeld in Sources */ = {isa = PBXBuildFile; fileRef = D9AC0B331D2CD5B9003E6531 /* WeighingScale.xcdatamodeld */; };
		D9AC0B371D2CD5BA003E6531 /* Assets.xcassets in Resources */ = {isa = PBXBuildFile; fileRef = D9AC0B361D2CD5BA003E6531 /* Assets.xcassets */; };
		D9AC0B3A1D2CD5BA003E6531 /* LaunchScreen.storyboard in Resources */ = {isa = PBXBuildFile; fileRef = D9AC0B381D2CD5BA003E6531 /* LaunchScreen.storyboard */; };
		D9AC0B451D2CD5BA003E6531 /* WeighingScaleTests.m in Sources */ = {isa = PBXBuildFile; fileRef = D9AC0B441D2CD5BA003E6531 /* WeighingScaleTests.m */; };
		D9AC0B501D2CD5BA003E6531 /* WeighingScaleUITests.m in Sources */ = {isa = PBXBuildFile; fileRef = D9AC0B4F1D2CD5BA003E6531 /* WeighingScaleUITests.m */; };
		D9AC0B631D2CD835003E6531 /* 1.png in Resources */ = {isa = PBXBuildFile; fileRef = D9AC0B601D2CD835003E6531 /* 1.png */; };
		D9AC0B681D2CF999003E6531 /* Track.m in Sources */ = {isa = PBXBuildFile; fileRef = D9AC0B671D2CF999003E6531 /* Track.m */; };
		D9AC0B6A1D2CFB57003E6531 /* arrow.png in Resources */ = {isa = PBXBuildFile; fileRef = D9AC0B691D2CFB57003E6531 /* arrow.png */; };
/* End PBXBuildFile section */

/* Begin PBXContainerItemProxy section */
		D9AC0B411D2CD5BA003E6531 /* PBXContainerItemProxy */ = {
			isa = PBXContainerItemProxy;
			containerPortal = D9AC0B1C1D2CD5B9003E6531 /* Project object */;
			proxyType = 1;
			remoteGlobalIDString = D9AC0B231D2CD5B9003E6531;
			remoteInfo = WeighingScale;
		};
		D9AC0B4C1D2CD5BA003E6531 /* PBXContainerItemProxy */ = {
			isa = PBXContainerItemProxy;
			containerPortal = D9AC0B1C1D2CD5B9003E6531 /* Project object */;
			proxyType = 1;
			remoteGlobalIDString = D9AC0B231D2CD5B9003E6531;
			remoteInfo = WeighingScale;
		};
/* End PBXContainerItemProxy section */

/* Begin PBXFileReference section */
		D9AC0B241D2CD5B9003E6531 /* WeighingScale.app */ = {isa = PBXFileReference; explicitFileType = wrapper.application; includeInIndex = 0; path = WeighingScale.app; sourceTree = BUILT_PRODUCTS_DIR; };
		D9AC0B281D2CD5B9003E6531 /* main.m */ = {isa = PBXFileReference; lastKnownFileType = sourcecode.c.objc; path = main.m; sourceTree = "<group>"; };
		D9AC0B2A1D2CD5B9003E6531 /* AppDelegate.h */ = {isa = PBXFileReference; lastKnownFileType = sourcecode.c.h; path = AppDelegate.h; sourceTree = "<group>"; };
		D9AC0B2B1D2CD5B9003E6531 /* AppDelegate.m */ = {isa = PBXFileReference; lastKnownFileType = sourcecode.c.objc; path = AppDelegate.m; sourceTree = "<group>"; };
		D9AC0B2D1D2CD5B9003E6531 /* ViewController.h */ = {isa = PBXFileReference; lastKnownFileType = sourcecode.c.h; path = ViewController.h; sourceTree = "<group>"; };
		D9AC0B2E1D2CD5B9003E6531 /* ViewController.m */ = {isa = PBXFileReference; lastKnownFileType = sourcecode.c.objc; path = ViewController.m; sourceTree = "<group>"; };
		D9AC0B311D2CD5B9003E6531 /* Base */ = {isa = PBXFileReference; lastKnownFileType = file.storyboard; name = Base; path = Base.lproj/Main.storyboard; sourceTree = "<group>"; };
		D9AC0B341D2CD5B9003E6531 /* WeighingScale.xcdatamodel */ = {isa = PBXFileReference; lastKnownFileType = wrapper.xcdatamodel; path = WeighingScale.xcdatamodel; sourceTree = "<group>"; };
		D9AC0B361D2CD5BA003E6531 /* Assets.xcassets */ = {isa = PBXFileReference; lastKnownFileType = folder.assetcatalog; path = Assets.xcassets; sourceTree = "<group>"; };
		D9AC0B391D2CD5BA003E6531 /* Base */ = {isa = PBXFileReference; lastKnownFileType = file.storyboard; name = Base; path = Base.lproj/LaunchScreen.storyboard; sourceTree = "<group>"; };
		D9AC0B3B1D2CD5BA003E6531 /* Info.plist */ = {isa = PBXFileReference; lastKnownFileType = text.plist.xml; path = Info.plist; sourceTree = "<group>"; };
		D9AC0B401D2CD5BA003E6531 /* WeighingScaleTests.xctest */ = {isa = PBXFileReference; explicitFileType = wrapper.cfbundle; includeInIndex = 0; path = WeighingScaleTests.xctest; sourceTree = BUILT_PRODUCTS_DIR; };
		D9AC0B441D2CD5BA003E6531 /* WeighingScaleTests.m */ = {isa = PBXFileReference; lastKnownFileType = sourcecode.c.objc; path = WeighingScaleTests.m; sourceTree = "<group>"; };
		D9AC0B461D2CD5BA003E6531 /* Info.plist */ = {isa = PBXFileReference; lastKnownFileType = text.plist.xml; path = Info.plist; sourceTree = "<group>"; };
		D9AC0B4B1D2CD5BA003E6531 /* WeighingScaleUITests.xctest */ = {isa = PBXFileReference; explicitFileType = wrapper.cfbundle; includeInIndex = 0; path = WeighingScaleUITests.xctest; sourceTree = BUILT_PRODUCTS_DIR; };
		D9AC0B4F1D2CD5BA003E6531 /* WeighingScaleUITests.m */ = {isa = PBXFileReference; lastKnownFileType = sourcecode.c.objc; path = WeighingScaleUITests.m; sourceTree = "<group>"; };
		D9AC0B511D2CD5BA003E6531 /* Info.plist */ = {isa = PBXFileReference; lastKnownFileType = text.plist.xml; path = Info.plist; sourceTree = "<group>"; };
		D9AC0B601D2CD835003E6531 /* 1.png */ = {isa = PBXFileReference; lastKnownFileType = image.png; path = 1.png; sourceTree = "<group>"; };
		D9AC0B661D2CF999003E6531 /* Track.h */ = {isa = PBXFileReference; fileEncoding = 4; lastKnownFileType = sourcecode.c.h; path = Track.h; sourceTree = "<group>"; };
		D9AC0B671D2CF999003E6531 /* Track.m */ = {isa = PBXFileReference; fileEncoding = 4; lastKnownFileType = sourcecode.c.objc; path = Track.m; sourceTree = "<group>"; };
		D9AC0B691D2CFB57003E6531 /* arrow.png */ = {isa = PBXFileReference; lastKnownFileType = image.png; path = arrow.png; sourceTree = "<group>"; };
/* End PBXFileReference section */

/* Begin PBXFrameworksBuildPhase section */
		D9AC0B211D2CD5B9003E6531 /* Frameworks */ = {
			isa = PBXFrameworksBuildPhase;
			buildActionMask = 2147483647;
			files = (
			);
			runOnlyForDeploymentPostprocessing = 0;
		};
		D9AC0B3D1D2CD5BA003E6531 /* Frameworks */ = {
			isa = PBXFrameworksBuildPhase;
			buildActionMask = 2147483647;
			files = (
			);
			runOnlyForDeploymentPostprocessing = 0;
		};
		D9AC0B481D2CD5BA003E6531 /* Frameworks */ = {
			isa = PBXFrameworksBuildPhase;
			buildActionMask = 2147483647;
			files = (
			);
			runOnlyForDeploymentPostprocessing = 0;
		};
/* End PBXFrameworksBuildPhase section */

/* Begin PBXGroup section */
		D9AC0B1B1D2CD5B9003E6531 = {
			isa = PBXGroup;
			children = (
				D9AC0B261D2CD5B9003E6531 /* WeighingScale */,
				D9AC0B431D2CD5BA003E6531 /* WeighingScaleTests */,
				D9AC0B4E1D2CD5BA003E6531 /* WeighingScaleUITests */,
				D9AC0B251D2CD5B9003E6531 /* Products */,
			);
			sourceTree = "<group>";
		};
		D9AC0B251D2CD5B9003E6531 /* Products */ = {
			isa = PBXGroup;
			children = (
				D9AC0B241D2CD5B9003E6531 /* WeighingScale.app */,
				D9AC0B401D2CD5BA003E6531 /* WeighingScaleTests.xctest */,
				D9AC0B4B1D2CD5BA003E6531 /* WeighingScaleUITests.xctest */,
			);
			name = Products;
			sourceTree = "<group>";
		};
		D9AC0B261D2CD5B9003E6531 /* WeighingScale */ = {
			isa = PBXGroup;
			children = (
				D9AC0B2A1D2CD5B9003E6531 /* AppDelegate.h */,
				D9AC0B2B1D2CD5B9003E6531 /* AppDelegate.m */,
				D9AC0B2D1D2CD5B9003E6531 /* ViewController.h */,
				D9AC0B2E1D2CD5B9003E6531 /* ViewController.m */,
				D9AC0B661D2CF999003E6531 /* Track.h */,
				D9AC0B671D2CF999003E6531 /* Track.m */,
				D9AC0B301D2CD5B9003E6531 /* Main.storyboard */,
				D9AC0B361D2CD5BA003E6531 /* Assets.xcassets */,
				D9AC0B381D2CD5BA003E6531 /* LaunchScreen.storyboard */,
				D9AC0B3B1D2CD5BA003E6531 /* Info.plist */,
				D9AC0B331D2CD5B9003E6531 /* WeighingScale.xcdatamodeld */,
				D9AC0B271D2CD5B9003E6531 /* Supporting Files */,
			);
			path = WeighingScale;
			sourceTree = "<group>";
		};
		D9AC0B271D2CD5B9003E6531 /* Supporting Files */ = {
			isa = PBXGroup;
			children = (
				D9AC0B691D2CFB57003E6531 /* arrow.png */,
				D9AC0B601D2CD835003E6531 /* 1.png */,
				D9AC0B281D2CD5B9003E6531 /* main.m */,
			);
			name = "Supporting Files";
			sourceTree = "<group>";
		};
		D9AC0B431D2CD5BA003E6531 /* WeighingScaleTests */ = {
			isa = PBXGroup;
			children = (
				D9AC0B441D2CD5BA003E6531 /* WeighingScaleTests.m */,
				D9AC0B461D2CD5BA003E6531 /* Info.plist */,
			);
			path = WeighingScaleTests;
			sourceTree = "<group>";
		};
		D9AC0B4E1D2CD5BA003E6531 /* WeighingScaleUITests */ = {
			isa = PBXGroup;
			children = (
				D9AC0B4F1D2CD5BA003E6531 /* WeighingScaleUITests.m */,
				D9AC0B511D2CD5BA003E6531 /* Info.plist */,
			);
			path = WeighingScaleUITests;
			sourceTree = "<group>";
		};
/* End PBXGroup section */

/* Begin PBXNativeTarget section */
		D9AC0B231D2CD5B9003E6531 /* WeighingScale */ = {
			isa = PBXNativeTarget;
			buildConfigurationList = D9AC0B541D2CD5BA003E6531 /* Build configuration list for PBXNativeTarget "WeighingScale" */;
			buildPhases = (
				D9AC0B201D2CD5B9003E6531 /* Sources */,
				D9AC0B211D2CD5B9003E6531 /* Frameworks */,
				D9AC0B221D2CD5B9003E6531 /* Resources */,
			);
			buildRules = (
			);
			dependencies = (
			);
			name = WeighingScale;
			productName = WeighingScale;
			productReference = D9AC0B241D2CD5B9003E6531 /* WeighingScale.app */;
			productType = "com.apple.product-type.application";
		};
		D9AC0B3F1D2CD5BA003E6531 /* WeighingScaleTests */ = {
			isa = PBXNativeTarget;
			buildConfigurationList = D9AC0B571D2CD5BA003E6531 /* Build configuration list for PBXNativeTarget "WeighingScaleTests" */;
			buildPhases = (
				D9AC0B3C1D2CD5BA003E6531 /* Sources */,
				D9AC0B3D1D2CD5BA003E6531 /* Frameworks */,
				D9AC0B3E1D2CD5BA003E6531 /* Resources */,
			);
			buildRules = (
			);
			dependencies = (
				D9AC0B421D2CD5BA003E6531 /* PBXTargetDependency */,
			);
			name = WeighingScaleTests;
			productName = WeighingScaleTests;
			productReference = D9AC0B401D2CD5BA003E6531 /* WeighingScaleTests.xctest */;
			productType = "com.apple.product-type.bundle.unit-test";
		};
		D9AC0B4A1D2CD5BA003E6531 /* WeighingScaleUITests */ = {
			isa = PBXNativeTarget;
			buildConfigurationList = D9AC0B5A1D2CD5BA003E6531 /* Build configuration list for PBXNativeTarget "WeighingScaleUITests" */;
			buildPhases = (
				D9AC0B471D2CD5BA003E6531 /* Sources */,
				D9AC0B481D2CD5BA003E6531 /* Frameworks */,
				D9AC0B491D2CD5BA003E6531 /* Resources */,
			);
			buildRules = (
			);
			dependencies = (
				D9AC0B4D1D2CD5BA003E6531 /* PBXTargetDependency */,
			);
			name = WeighingScaleUITests;
			productName = WeighingScaleUITests;
			productReference = D9AC0B4B1D2CD5BA003E6531 /* WeighingScaleUITests.xctest */;
			productType = "com.apple.product-type.bundle.ui-testing";
		};
/* End PBXNativeTarget section */

/* Begin PBXProject section */
		D9AC0B1C1D2CD5B9003E6531 /* Project object */ = {
			isa = PBXProject;
			attributes = {
				LastUpgradeCheck = 0730;
				ORGANIZATIONNAME = atidan;
				TargetAttributes = {
					D9AC0B231D2CD5B9003E6531 = {
						CreatedOnToolsVersion = 7.3.1;
						DevelopmentTeam = SHAHV7TU87;
					};
					D9AC0B3F1D2CD5BA003E6531 = {
						CreatedOnToolsVersion = 7.3.1;
						DevelopmentTeam = SHAHV7TU87;
						TestTargetID = D9AC0B231D2CD5B9003E6531;
					};
					D9AC0B4A1D2CD5BA003E6531 = {
						CreatedOnToolsVersion = 7.3.1;
						DevelopmentTeam = SHAHV7TU87;
						TestTargetID = D9AC0B231D2CD5B9003E6531;
					};
				};
			};
			buildConfigurationList = D9AC0B1F1D2CD5B9003E6531 /* Build configuration list for PBXProject "WeighingScale" */;
			compatibilityVersion = "Xcode 3.2";
			developmentRegion = English;
			hasScannedForEncodings = 0;
			knownRegions = (
				en,
				Base,
			);
			mainGroup = D9AC0B1B1D2CD5B9003E6531;
			productRefGroup = D9AC0B251D2CD5B9003E6531 /* Products */;
			projectDirPath = "";
			projectRoot = "";
			targets = (
				D9AC0B231D2CD5B9003E6531 /* WeighingScale */,
				D9AC0B3F1D2CD5BA003E6531 /* WeighingScaleTests */,
				D9AC0B4A1D2CD5BA003E6531 /* WeighingScaleUITests */,
			);
		};
/* End PBXProject section */

/* Begin PBXResourcesBuildPhase section */
		D9AC0B221D2CD5B9003E6531 /* Resources */ = {
			isa = PBXResourcesBuildPhase;
			buildActionMask = 2147483647;
			files = (
				D9AC0B3A1D2CD5BA003E6531 /* LaunchScreen.storyboard in Resources */,
				D9AC0B631D2CD835003E6531 /* 1.png in Resources */,
				D9AC0B371D2CD5BA003E6531 /* Assets.xcassets in Resources */,
				D9AC0B6A1D2CFB57003E6531 /* arrow.png in Resources */,
				D9AC0B321D2CD5B9003E6531 /* Main.storyboard in Resources */,
			);
			runOnlyForDeploymentPostprocessing = 0;
		};
		D9AC0B3E1D2CD5BA003E6531 /* Resources */ = {
			isa = PBXResourcesBuildPhase;
			buildActionMask = 2147483647;
			files = (
			);
			runOnlyForDeploymentPostprocessing = 0;
		};
		D9AC0B491D2CD5BA003E6531 /* Resources */ = {
			isa = PBXResourcesBuildPhase;
			buildActionMask = 2147483647;
			files = (
			);
			runOnlyForDeploymentPostprocessing = 0;
		};
/* End PBXResourcesBuildPhase section */

/* Begin PBXSourcesBuildPhase section */
		D9AC0B201D2CD5B9003E6531 /* Sources */ = {
			isa = PBXSourcesBuildPhase;
			buildActionMask = 2147483647;
			files = (
				D9AC0B351D2CD5B9003E6531 /* WeighingScale.xcdatamodeld in Sources */,
				D9AC0B2F1D2CD5B9003E6531 /* ViewController.m in Sources */,
				D9AC0B2C1D2CD5B9003E6531 /* AppDelegate.m in Sources */,
				D9AC0B681D2CF999003E6531 /* Track.m in Sources */,
				D9AC0B291D2CD5B9003E6531 /* main.m in Sources */,
			);
			runOnlyForDeploymentPostprocessing = 0;
		};
		D9AC0B3C1D2CD5BA003E6531 /* Sources */ = {
			isa = PBXSourcesBuildPhase;
			buildActionMask = 2147483647;
			files = (
				D9AC0B451D2CD5BA003E6531 /* WeighingScaleTests.m in Sources */,
			);
			runOnlyForDeploymentPostprocessing = 0;
		};
		D9AC0B471D2CD5BA003E6531 /* Sources */ = {
			isa = PBXSourcesBuildPhase;
			buildActionMask = 2147483647;
			files = (
				D9AC0B501D2CD5BA003E6531 /* WeighingScaleUITests.m in Sources */,
			);
			runOnlyForDeploymentPostprocessing = 0;
		};
/* End PBXSourcesBuildPhase section */

/* Begin PBXTargetDependency section */
		D9AC0B421D2CD5BA003E6531 /* PBXTargetDependency */ = {
			isa = PBXTargetDependency;
			target = D9AC0B231D2CD5B9003E6531 /* WeighingScale */;
			targetProxy = D9AC0B411D2CD5BA003E6531 /* PBXContainerItemProxy */;
		};
		D9AC0B4D1D2CD5BA003E6531 /* PBXTargetDependency */ = {
			isa = PBXTargetDependency;
			target = D9AC0B231D2CD5B9003E6531 /* WeighingScale */;
			targetProxy = D9AC0B4C1D2CD5BA003E6531 /* PBXContainerItemProxy */;
		};
/* End PBXTargetDependency section */

/* Begin PBXVariantGroup section */
		D9AC0B301D2CD5B9003E6531 /* Main.storyboard */ = {
			isa = PBXVariantGroup;
			children = (
				D9AC0B311D2CD5B9003E6531 /* Base */,
			);
			name = Main.storyboard;
			sourceTree = "<group>";
		};
		D9AC0B381D2CD5BA003E6531 /* LaunchScreen.storyboard */ = {
			isa = PBXVariantGroup;
			children = (
				D9AC0B391D2CD5BA003E6531 /* Base */,
			);
			name = LaunchScreen.storyboard;
			sourceTree = "<group>";
		};
/* End PBXVariantGroup section */

/* Begin XCBuildConfiguration section */
		D9AC0B521D2CD5BA003E6531 /* Debug */ = {
			isa = XCBuildConfiguration;
			buildSettings = {
				ALWAYS_SEARCH_USER_PATHS = NO;
				CLANG_ANALYZER_NONNULL = YES;
				CLANG_CXX_LANGUAGE_STANDARD = "gnu++0x";
				CLANG_CXX_LIBRARY = "libc++";
				CLANG_ENABLE_MODULES = YES;
				CLANG_ENABLE_OBJC_ARC = YES;
				CLANG_WARN_BOOL_CONVERSION = YES;
				CLANG_WARN_CONSTANT_CONVERSION = YES;
				CLANG_WARN_DIRECT_OBJC_ISA_USAGE = YES_ERROR;
				CLANG_WARN_EMPTY_BODY = YES;
				CLANG_WARN_ENUM_CONVERSION = YES;
				CLANG_WARN_INT_CONVERSION = YES;
				CLANG_WARN_OBJC_ROOT_CLASS = YES_ERROR;
				CLANG_WARN_UNREACHABLE_CODE = YES;
				CLANG_WARN__DUPLICATE_METHOD_MATCH = YES;
				"CODE_SIGN_IDENTITY[sdk=iphoneos*]" = "iPhone Developer";
				COPY_PHASE_STRIP = NO;
				DEBUG_INFORMATION_FORMAT = dwarf;
				ENABLE_STRICT_OBJC_MSGSEND = YES;
				ENABLE_TESTABILITY = YES;
				GCC_C_LANGUAGE_STANDARD = gnu99;
				GCC_DYNAMIC_NO_PIC = NO;
				GCC_NO_COMMON_BLOCKS = YES;
				GCC_OPTIMIZATION_LEVEL = 0;
				GCC_PREPROCESSOR_DEFINITIONS = (
					"DEBUG=1",
					"$(inherited)",
				);
				GCC_WARN_64_TO_32_BIT_CONVERSION = YES;
				GCC_WARN_ABOUT_RETURN_TYPE = YES_ERROR;
				GCC_WARN_UNDECLARED_SELECTOR = YES;
				GCC_WARN_UNINITIALIZED_AUTOS = YES_AGGRESSIVE;
				GCC_WARN_UNUSED_FUNCTION = YES;
				GCC_WARN_UNUSED_VARIABLE = YES;
				IPHONEOS_DEPLOYMENT_TARGET = 9.3;
				MTL_ENABLE_DEBUG_INFO = YES;
				ONLY_ACTIVE_ARCH = YES;
				SDKROOT = iphoneos;
				TARGETED_DEVICE_FAMILY = "1,2";
			};
			name = Debug;
		};
		D9AC0B531D2CD5BA003E6531 /* Release */ = {
			isa = XCBuildConfiguration;
			buildSettings = {
				ALWAYS_SEARCH_USER_PATHS = NO;
				CLANG_ANALYZER_NONNULL = YES;
				CLANG_CXX_LANGUAGE_STANDARD = "gnu++0x";
				CLANG_CXX_LIBRARY = "libc++";
				CLANG_ENABLE_MODULES = YES;
				CLANG_ENABLE_OBJC_ARC = YES;
				CLANG_WARN_BOOL_CONVERSION = YES;
				CLANG_WARN_CONSTANT_CONVERSION = YES;
				CLANG_WARN_DIRECT_OBJC_ISA_USAGE = YES_ERROR;
				CLANG_WARN_EMPTY_BODY = YES;
				CLANG_WARN_ENUM_CONVERSION = YES;
				CLANG_WARN_INT_CONVERSION = YES;
				CLANG_WARN_OBJC_ROOT_CLASS = YES_ERROR;
				CLANG_WARN_UNREACHABLE_CODE = YES;
				CLANG_WARN__DUPLICATE_METHOD_MATCH = YES;
				"CODE_SIGN_IDENTITY[sdk=iphoneos*]" = "iPhone Developer";
				COPY_PHASE_STRIP = NO;
				DEBUG_INFORMATION_FORMAT = "dwarf-with-dsym";
				ENABLE_NS_ASSERTIONS = NO;
				ENABLE_STRICT_OBJC_MSGSEND = YES;
				GCC_C_LANGUAGE_STANDARD = gnu99;
				GCC_NO_COMMON_BLOCKS = YES;
				GCC_WARN_64_TO_32_BIT_CONVERSION = YES;
				GCC_WARN_ABOUT_RETURN_TYPE = YES_ERROR;
				GCC_WARN_UNDECLARED_SELECTOR = YES;
				GCC_WARN_UNINITIALIZED_AUTOS = YES_AGGRESSIVE;
				GCC_WARN_UNUSED_FUNCTION = YES;
				GCC_WARN_UNUSED_VARIABLE = YES;
				IPHONEOS_DEPLOYMENT_TARGET = 9.3;
				MTL_ENABLE_DEBUG_INFO = NO;
				SDKROOT = iphoneos;
				TARGETED_DEVICE_FAMILY = "1,2";
				VALIDATE_PRODUCT = YES;
			};
			name = Release;
		};
		D9AC0B551D2CD5BA003E6531 /* Debug */ = {
			isa = XCBuildConfiguration;
			buildSettings = {
				ASSETCATALOG_COMPILER_APPICON_NAME = AppIcon;
				INFOPLIST_FILE = WeighingScale/Info.plist;
				LD_RUNPATH_SEARCH_PATHS = "$(inherited) @executable_path/Frameworks";
				PRODUCT_BUNDLE_IDENTIFIER = com.atidan.WeighingScale;
				PRODUCT_NAME = "$(TARGET_NAME)";
			};
			name = Debug;
		};
		D9AC0B561D2CD5BA003E6531 /* Release */ = {
			isa = XCBuildConfiguration;
			buildSettings = {
				ASSETCATALOG_COMPILER_APPICON_NAME = AppIcon;
				INFOPLIST_FILE = WeighingScale/Info.plist;
				LD_RUNPATH_SEARCH_PATHS = "$(inherited) @executable_path/Frameworks";
				PRODUCT_BUNDLE_IDENTIFIER = com.atidan.WeighingScale;
				PRODUCT_NAME = "$(TARGET_NAME)";
			};
			name = Release;
		};
		D9AC0B581D2CD5BA003E6531 /* Debug */ = {
			isa = XCBuildConfiguration;
			buildSettings = {
				BUNDLE_LOADER = "$(TEST_HOST)";
				INFOPLIST_FILE = WeighingScaleTests/Info.plist;
				LD_RUNPATH_SEARCH_PATHS = "$(inherited) @executable_path/Frameworks @loader_path/Frameworks";
				PRODUCT_BUNDLE_IDENTIFIER = com.atidan.WeighingScaleTests;
				PRODUCT_NAME = "$(TARGET_NAME)";
				TEST_HOST = "$(BUILT_PRODUCTS_DIR)/WeighingScale.app/WeighingScale";
			};
			name = Debug;
		};
		D9AC0B591D2CD5BA003E6531 /* Release */ = {
			isa = XCBuildConfiguration;
			buildSettings = {
				BUNDLE_LOADER = "$(TEST_HOST)";
				INFOPLIST_FILE = WeighingScaleTests/Info.plist;
				LD_RUNPATH_SEARCH_PATHS = "$(inherited) @executable_path/Frameworks @loader_path/Frameworks";
				PRODUCT_BUNDLE_IDENTIFIER = com.atidan.WeighingScaleTests;
				PRODUCT_NAME = "$(TARGET_NAME)";
				TEST_HOST = "$(BUILT_PRODUCTS_DIR)/WeighingScale.app/WeighingScale";
			};
			name = Release;
		};
		D9AC0B5B1D2CD5BA003E6531 /* Debug */ = {
			isa = XCBuildConfiguration;
			buildSettings = {
				INFOPLIST_FILE = WeighingScaleUITests/Info.plist;
				LD_RUNPATH_SEARCH_PATHS = "$(inherited) @executable_path/Frameworks @loader_path/Frameworks";
				PRODUCT_BUNDLE_IDENTIFIER = com.atidan.WeighingScaleUITests;
				PRODUCT_NAME = "$(TARGET_NAME)";
				TEST_TARGET_NAME = WeighingScale;
			};
			name = Debug;
		};
		D9AC0B5C1D2CD5BA003E6531 /* Release */ = {
			isa = XCBuildConfiguration;
			buildSettings = {
				INFOPLIST_FILE = WeighingScaleUITests/Info.plist;
				LD_RUNPATH_SEARCH_PATHS = "$(inherited) @executable_path/Frameworks @loader_path/Frameworks";
				PRODUCT_BUNDLE_IDENTIFIER = com.atidan.WeighingScaleUITests;
				PRODUCT_NAME = "$(TARGET_NAME)";
				TEST_TARGET_NAME = WeighingScale;
			};
			name = Release;
		};
/* End XCBuildConfiguration section */

/* Begin XCConfigurationList section */
		D9AC0B1F1D2CD5B9003E6531 /* Build configuration list for PBXProject "WeighingScale" */ = {
			isa = XCConfigurationList;
			buildConfigurations = (
				D9AC0B521D2CD5BA003E6531 /* Debug */,
				D9AC0B531D2CD5BA003E6531 /* Release */,
			);
			defaultConfigurationIsVisible = 0;
			defaultConfigurationName = Release;
		};
		D9AC0B541D2CD5BA003E6531 /* Build configuration list for PBXNativeTarget "WeighingScale" */ = {
			isa = XCConfigurationList;
			buildConfigurations = (
				D9AC0B551D2CD5BA003E6531 /* Debug */,
				D9AC0B561D2CD5BA003E6531 /* Release */,
			);
			defaultConfigurationIsVisible = 0;
		};
		D9AC0B571D2CD5BA003E6531 /* Build configuration list for PBXNativeTarget "WeighingScaleTests" */ = {
			isa = XCConfigurationList;
			buildConfigurations = (
				D9AC0B581D2CD5BA003E6531 /* Debug */,
				D9AC0B591D2CD5BA003E6531 /* Release */,
			);
			defaultConfigurationIsVisible = 0;
		};
		D9AC0B5A1D2CD5BA003E6531 /* Build configuration list for PBXNativeTarget "WeighingScaleUITests" */ = {
			isa = XCConfigurationList;
			buildConfigurations = (
				D9AC0B5B1D2CD5BA003E6531 /* Debug */,
				D9AC0B5C1D2CD5BA003E6531 /* Release */,
			);
			defaultConfigurationIsVisible = 0;
		};
/* End XCConfigurationList section */

/* Begin XCVersionGroup section */
		D9AC0B331D2CD5B9003E6531 /* WeighingScale.xcdatamodeld */ = {
			isa = XCVersionGroup;
			children = (
				D9AC0B341D2CD5B9003E6531 /* WeighingScale.xcdatamodel */,
			);
			currentVersion = D9AC0B341D2CD5B9003E6531 /* WeighingScale.xcdatamodel */;
			path = WeighingScale.xcdatamodeld;
			sourceTree = "<group>";
			versionGroupType = wrapper.xcdatamodel;
		};
/* End XCVersionGroup section */
	};
	rootObject = D9AC0B1C1D2CD5B9003E6531 /* Project object */;
}
